
Microsoft Visual Studio Solution File, Format Version 12.00
# Visual Studio 15
VisualStudioVersion = 15.0.28010.2050
MinimumVisualStudioVersion = 10.0.40219.1
Project("{8BC9CEB8-8B4A-11D0-8D11-00A0C91BC942}") = "TestHarness", "TestHarness\TestHarness.vcxproj", "{4B78FF0E-A11E-48CA-83A4-978247A583A1}"
EndProject
Project("{8BC9CEB8-8B4A-11D0-8D11-00A0C91BC942}") = "Application", "Application\Application.vcxproj", "{C7FE0199-6C5F-4427-8402-94E767BEBBEE}"
EndProject
Global
	GlobalSection(SolutionConfigurationPlatforms) = preSolution
		Debug|x86 = Debug|x86
		Release|x86 = Release|x86
	EndGlobalSection
	GlobalSection(ProjectConfigurationPlatforms) = postSolution
		{4B78FF0E-A11E-48CA-83A4-978247A583A1}.Debug|x86.ActiveCfg = Debug|Win32
		{4B78FF0E-A11E-48CA-83A4-978247A583A1}.Debug|x86.Build.0 = Debug|Win32
		{4B78FF0E-A11E-48CA-83A4-978247A583A1}.Release|x86.ActiveCfg = Release|Win32
		{4B78FF0E-A11E-48CA-83A4-978247A583A1}.Release|x86.Build.0 = Release|Win32
		{C7FE0199-6C5F-4427-8402-94E767BEBBEE}.Debug|x86.ActiveCfg = Debug|Win32
		{C7FE0199-6C5F-4427-8402-94E767BEBBEE}.Debug|x86.Build.0 = Debug|Win32
		{C7FE0199-6C5F-4427-8402-94E767BEBBEE}.Release|x86.ActiveCfg = Release|Win32
		{C7FE0199-6C5F-4427-8402-94E767BEBBEE}.Release|x86.Build.0 = Release|Win32
	EndGlobalSection
	GlobalSection(SolutionProperties) = preSolution
		HideSolutionNode = FALSE
	EndGlobalSection
	GlobalSection(ExtensibilityGlobals) = postSolution
		SolutionGuid = {2FE9CCEE-E593-4EEF-8E62-6DAAA23C3C68}
	EndGlobalSection
EndGlobal
