<?xml version="1.0" encoding="utf-8"?>
<Project ToolsVersion="4.0" xmlns="http://schemas.microsoft.com/developer/msbuild/2003">
  <ItemGroup>
    <Filter Include="Source Files">
      <UniqueIdentifier>{4FC737F1-C7A5-4376-A066-2A32D752A2FF}</UniqueIdentifier>
      <Extensions>cpp;c;cc;cxx;def;odl;idl;hpj;bat;asm;asmx</Extensions>
    </Filter>
    <Filter Include="Resource Files">
      <UniqueIdentifier>{67DA6AB6-F800-4c08-8B7A-83BB121AAD01}</UniqueIdentifier>
      <Extensions>rc;ico;cur;bmp;dlg;rc2;rct;bin;rgs;gif;jpg;jpeg;jpe;resx;tiff;tif;png;wav;mfcribbon-ms</Extensions>
    </Filter>
    <Filter Include="Source Files\utilities">
      <UniqueIdentifier>{0713405e-f9b5-4f7f-b05f-0166a48ecb3b}</UniqueIdentifier>
    </Filter>
    <Filter Include="Source Files\input">
      <UniqueIdentifier>{e591c784-1f5c-4e3e-adba-6af46d06eedd}</UniqueIdentifier>
    </Filter>
    <Filter Include="Source Files\math">
      <UniqueIdentifier>{d64c3dfc-600d-4d22-821a-0db227af3722}</UniqueIdentifier>
    </Filter>
    <Filter Include="Source Files\graphics">
      <UniqueIdentifier>{ff551523-dc1e-4071-856b-fb8fce69c5d4}</UniqueIdentifier>
    </Filter>
    <Filter Include="Source Files\deleters">
      <UniqueIdentifier>{7a2aa33e-0a26-4486-a7dd-52466f4752ec}</UniqueIdentifier>
    </Filter>
    <Filter Include="Source Files\entities">
      <UniqueIdentifier>{e8c3be64-354c-4b1e-a76e-5012c92799a4}</UniqueIdentifier>
    </Filter>
    <Filter Include="Source Files\entities\base">
      <UniqueIdentifier>{352b7bc1-8073-4d59-9867-77736d1958a9}</UniqueIdentifier>
    </Filter>
    <Filter Include="Source Files\singletons">
      <UniqueIdentifier>{f0bc6909-6da5-4a4e-8c02-0bf704ea637e}</UniqueIdentifier>
    </Filter>
  </ItemGroup>
  <ItemGroup>
    <ClCompile Include="src\main.cpp">
      <Filter>Source Files</Filter>
    </ClCompile>
    <ClCompile Include="src\stdafx.cpp">
      <Filter>Source Files</Filter>
    </ClCompile>
    <ClCompile Include="src\utilities\Console.cpp">
      <Filter>Source Files\utilities</Filter>
    </ClCompile>
    <ClCompile Include="src\utilities\Random.cpp">
      <Filter>Source Files\utilities</Filter>
    </ClCompile>
    <ClCompile Include="src\utilities\Time.cpp">
      <Filter>Source Files\utilities</Filter>
    </ClCompile>
    <ClCompile Include="src\utilities\Variant.cpp">
      <Filter>Source Files\utilities</Filter>
    </ClCompile>
    <ClCompile Include="src\input\Keyhandler.cpp">
      <Filter>Source Files\input</Filter>
    </ClCompile>
    <ClCompile Include="src\math\Math.cpp">
      <Filter>Source Files\math</Filter>
    </ClCompile>
    <ClCompile Include="src\math\Rect.cpp">
      <Filter>Source Files\math</Filter>
    </ClCompile>
    <ClCompile Include="src\math\Vector.cpp">
      <Filter>Source Files\math</Filter>
    </ClCompile>
    <ClCompile Include="src\math\Vector2.cpp">
      <Filter>Source Files\math</Filter>
    </ClCompile>
    <ClCompile Include="src\math\Vector3.cpp">
      <Filter>Source Files\math</Filter>
    </ClCompile>
    <ClCompile Include="src\math\Vector4.cpp">
      <Filter>Source Files\math</Filter>
    </ClCompile>
    <ClCompile Include="src\math\Vector2Math.cpp">
      <Filter>Source Files\math</Filter>
    </ClCompile>
    <ClCompile Include="src\Game.cpp">
      <Filter>Source Files</Filter>
    </ClCompile>
    <ClCompile Include="src\graphics\Texture.cpp">
      <Filter>Source Files\graphics</Filter>
    </ClCompile>
    <ClCompile Include="src\graphics\View.cpp">
      <Filter>Source Files\graphics</Filter>
    </ClCompile>
    <ClCompile Include="src\graphics\Window.cpp">
      <Filter>Source Files\graphics</Filter>
    </ClCompile>
    <ClCompile Include="src\graphics\WindowParameters.cpp">
      <Filter>Source Files\graphics</Filter>
    </ClCompile>
    <ClCompile Include="src\input\Controllerhandler.cpp">
      <Filter>Source Files\input</Filter>
    </ClCompile>
    <ClCompile Include="src\input\Mousehandler.cpp">
      <Filter>Source Files\input</Filter>
    </ClCompile>
    <ClCompile Include="src\deleters\SdlDeleter.cpp">
      <Filter>Source Files\deleters</Filter>
    </ClCompile>
    <ClCompile Include="src\entities\Grid.cpp">
      <Filter>Source Files\entities</Filter>
    </ClCompile>
    <ClCompile Include="src\entities\base\Drawable.cpp">
      <Filter>Source Files\entities\base</Filter>
    </ClCompile>
    <ClCompile Include="src\entities\base\Entity.cpp">
      <Filter>Source Files\entities\base</Filter>
    </ClCompile>
    <ClCompile Include="src\entities\Cell.cpp">
      <Filter>Source Files\entities</Filter>
    </ClCompile>
    <ClCompile Include="src\graphics\RenderLine.cpp">
      <Filter>Source Files\graphics</Filter>
    </ClCompile>
    <ClCompile Include="src\entities\Player.cpp">
      <Filter>Source Files\entities</Filter>
    </ClCompile>
    <ClCompile Include="src\graphics\RenderTexture.cpp">
      <Filter>Source Files\graphics</Filter>
    </ClCompile>
    <ClCompile Include="src\graphics\RenderRect.cpp">
      <Filter>Source Files\graphics</Filter>
    </ClCompile>
    <ClCompile Include="src\graphics\Color.cpp">
      <Filter>Source Files\graphics</Filter>
    </ClCompile>
    <ClCompile Include="src\singletons\KeyHandlerSingleton.cpp">
      <Filter>Source Files\singletons</Filter>
    </ClCompile>
    <ClCompile Include="src\singletons\Singleton.cpp">
      <Filter>Source Files\singletons</Filter>
    </ClCompile>
    <ClCompile Include="src\entities\Enemy.cpp">
      <Filter>Source Files\entities</Filter>
    </ClCompile>
  </ItemGroup>
  <ItemGroup>
    <ClInclude Include="src\stdafx.hpp">
      <Filter>Source Files</Filter>
    </ClInclude>
    <ClInclude Include="src\utilities\Console.hpp">
      <Filter>Source Files\utilities</Filter>
    </ClInclude>
    <ClInclude Include="src\utilities\Random.hpp">
      <Filter>Source Files\utilities</Filter>
    </ClInclude>
    <ClInclude Include="src\utilities\Time.hpp">
      <Filter>Source Files\utilities</Filter>
    </ClInclude>
    <ClInclude Include="src\utilities\Variant.hpp">
      <Filter>Source Files\utilities</Filter>
    </ClInclude>
    <ClInclude Include="src\math\Math.hpp">
      <Filter>Source Files\math</Filter>
    </ClInclude>
    <ClInclude Include="src\math\Rect.hpp">
      <Filter>Source Files\math</Filter>
    </ClInclude>
    <ClInclude Include="src\math\Vector.hpp">
      <Filter>Source Files\math</Filter>
    </ClInclude>
    <ClInclude Include="src\math\Vector2.hpp">
      <Filter>Source Files\math</Filter>
    </ClInclude>
    <ClInclude Include="src\math\Vector3.hpp">
      <Filter>Source Files\math</Filter>
    </ClInclude>
    <ClInclude Include="src\math\Vector4.hpp">
      <Filter>Source Files\math</Filter>
    </ClInclude>
    <ClInclude Include="src\math\Vector2Math.hpp">
      <Filter>Source Files\math</Filter>
    </ClInclude>
    <ClInclude Include="src\Game.hpp">
      <Filter>Source Files</Filter>
    </ClInclude>
    <ClInclude Include="src\deleters\SdlDeleter.hpp">
      <Filter>Source Files\deleters</Filter>
    </ClInclude>
    <ClInclude Include="src\graphics\Window.hpp">
      <Filter>Source Files\graphics</Filter>
    </ClInclude>
    <ClInclude Include="src\graphics\WindowParameters.hpp">
      <Filter>Source Files\graphics</Filter>
    </ClInclude>
    <ClInclude Include="src\graphics\View.hpp">
      <Filter>Source Files\graphics</Filter>
    </ClInclude>
    <ClInclude Include="src\graphics\Texture.hpp">
      <Filter>Source Files\graphics</Filter>
    </ClInclude>
    <ClInclude Include="src\input\Controllerhandler.hpp">
      <Filter>Source Files\input</Filter>
    </ClInclude>
    <ClInclude Include="src\input\Keyhandler.hpp">
      <Filter>Source Files\input</Filter>
    </ClInclude>
    <ClInclude Include="src\input\Mousehandler.hpp">
      <Filter>Source Files\input</Filter>
    </ClInclude>
    <ClInclude Include="src\entities\Grid.hpp">
      <Filter>Source Files\entities</Filter>
    </ClInclude>
    <ClInclude Include="src\entities\base\Drawable.hpp">
      <Filter>Source Files\entities\base</Filter>
    </ClInclude>
    <ClInclude Include="src\entities\base\Entity.hpp">
      <Filter>Source Files\entities\base</Filter>
    </ClInclude>
    <ClInclude Include="src\entities\Cell.hpp">
      <Filter>Source Files\entities</Filter>
    </ClInclude>
    <ClInclude Include="src\graphics\RenderLine.hpp">
      <Filter>Source Files\graphics</Filter>
    </ClInclude>
    <ClInclude Include="src\entities\Player.hpp">
      <Filter>Source Files\entities</Filter>
    </ClInclude>
    <ClInclude Include="src\graphics\RenderTexture.hpp">
      <Filter>Source Files\graphics</Filter>
    </ClInclude>
    <ClInclude Include="src\graphics\RenderRect.hpp">
      <Filter>Source Files\graphics</Filter>
    </ClInclude>
    <ClInclude Include="src\graphics\Color.hpp">
      <Filter>Source Files\graphics</Filter>
    </ClInclude>
    <ClInclude Include="src\singletons\KeyHandlerSingleton.hpp">
      <Filter>Source Files\singletons</Filter>
    </ClInclude>
    <ClInclude Include="src\singletons\Singleton.hpp">
      <Filter>Source Files\singletons</Filter>
    </ClInclude>
    <ClInclude Include="src\entities\Enemy.hpp">
      <Filter>Source Files\entities</Filter>
    </ClInclude>
  </ItemGroup>
</Project>