<?xml version="1.0" encoding="utf-8"?>
<Project ToolsVersion="4.0" xmlns="http://schemas.microsoft.com/developer/msbuild/2003">
  <ItemGroup>
    <Filter Include="Source Files">
      <UniqueIdentifier>{4FC737F1-C7A5-4376-A066-2A32D752A2FF}</UniqueIdentifier>
      <Extensions>cpp;c;cc;cxx;def;odl;idl;hpj;bat;asm;asmx</Extensions>
    </Filter>
    <Filter Include="Header Files">
      <UniqueIdentifier>{93995380-89BD-4b04-88EB-625FBE52EBFB}</UniqueIdentifier>
      <Extensions>h;hh;hpp;hxx;hm;inl;inc;ipp;xsd</Extensions>
    </Filter>
    <Filter Include="Resource Files">
      <UniqueIdentifier>{67DA6AB6-F800-4c08-8B7A-83BB121AAD01}</UniqueIdentifier>
      <Extensions>rc;ico;cur;bmp;dlg;rc2;rct;bin;rgs;gif;jpg;jpeg;jpe;resx;tiff;tif;png;wav;mfcribbon-ms</Extensions>
    </Filter>
    <Filter Include="Header Files\Factory Pattern">
      <UniqueIdentifier>{3c963cfb-2f60-4297-87ef-aa2ded826371}</UniqueIdentifier>
    </Filter>
    <Filter Include="Source Files\Factory Pattern">
      <UniqueIdentifier>{d3300c86-de8c-428f-8602-ce86e013eda1}</UniqueIdentifier>
    </Filter>
    <Filter Include="Header Files\HandlePattern">
      <UniqueIdentifier>{cd7cdc0b-476b-4a96-84cf-7c578a9b7da2}</UniqueIdentifier>
    </Filter>
    <Filter Include="Source Files\HandlePattern">
      <UniqueIdentifier>{846a7d79-8499-42e6-b42f-9ffcedd0530c}</UniqueIdentifier>
    </Filter>
    <Filter Include="Header Files\ProxyPattern">
      <UniqueIdentifier>{925a229d-0149-40fd-a7a8-d74292866b50}</UniqueIdentifier>
    </Filter>
    <Filter Include="Source Files\ProxyPattern">
      <UniqueIdentifier>{9e5574e8-9664-4d73-a66b-e75bf37e3b2b}</UniqueIdentifier>
    </Filter>
  </ItemGroup>
  <ItemGroup>
    <ClCompile Include="src\main.cpp">
      <Filter>Source Files</Filter>
    </ClCompile>
    <ClCompile Include="src\stdafx.cpp">
      <Filter>Source Files</Filter>
    </ClCompile>
    <ClCompile Include="src\FactoryPattern\NPC.cpp">
      <Filter>Source Files\Factory Pattern</Filter>
    </ClCompile>
    <ClCompile Include="src\FactoryPattern\Factory.cpp">
      <Filter>Source Files\Factory Pattern</Filter>
    </ClCompile>
    <ClCompile Include="src\FactoryPattern\Drawable.cpp">
      <Filter>Source Files\Factory Pattern</Filter>
    </ClCompile>
    <ClCompile Include="src\FactoryPattern\NPCFactory.cpp">
      <Filter>Source Files\Factory Pattern</Filter>
    </ClCompile>
    <ClCompile Include="src\HandlePattern\Window.cpp">
      <Filter>Source Files\HandlePattern</Filter>
    </ClCompile>
    <ClCompile Include="src\HandlePattern\Character.cpp">
      <Filter>Source Files\HandlePattern</Filter>
    </ClCompile>
    <ClCompile Include="src\HandlePattern\Win32Window.cpp">
      <Filter>Source Files\HandlePattern</Filter>
    </ClCompile>
    <ClCompile Include="src\HandlePattern\LinuxWindow.cpp">
      <Filter>Source Files\HandlePattern</Filter>
    </ClCompile>
    <ClCompile Include="src\HandlePattern\PlayerCharacter.cpp">
      <Filter>Source Files\HandlePattern</Filter>
    </ClCompile>
    <ClCompile Include="src\FactoryPattern\PCharacter.cpp">
      <Filter>Source Files\Factory Pattern</Filter>
    </ClCompile>
    <ClCompile Include="src\FactoryPattern\PCharacterFactory.cpp">
      <Filter>Source Files\Factory Pattern</Filter>
    </ClCompile>
    <ClCompile Include="src\ProxyPattern\TexturePng.cpp">
      <Filter>Source Files\ProxyPattern</Filter>
    </ClCompile>
    <ClCompile Include="src\ProxyPattern\TextureLoader.cpp">
      <Filter>Source Files\ProxyPattern</Filter>
    </ClCompile>
    <ClCompile Include="src\ProxyPattern\ITexture.cpp">
      <Filter>Source Files\ProxyPattern</Filter>
    </ClCompile>
  </ItemGroup>
  <ItemGroup>
    <ClInclude Include="src\stdafx.h">
      <Filter>Header Files</Filter>
    </ClInclude>
    <ClInclude Include="src\FactoryPattern\NPC.h">
      <Filter>Header Files\Factory Pattern</Filter>
    </ClInclude>
    <ClInclude Include="src\FactoryPattern\Factory.h">
      <Filter>Header Files\Factory Pattern</Filter>
    </ClInclude>
    <ClInclude Include="src\FactoryPattern\Drawable.h">
      <Filter>Header Files\Factory Pattern</Filter>
    </ClInclude>
    <ClInclude Include="src\FactoryPattern\NPCFactory.h">
      <Filter>Header Files\Factory Pattern</Filter>
    </ClInclude>
    <ClInclude Include="src\HandlePattern\Window.h">
      <Filter>Header Files\HandlePattern</Filter>
    </ClInclude>
    <ClInclude Include="src\HandlePattern\PlayerCharacter.h">
      <Filter>Header Files\HandlePattern</Filter>
    </ClInclude>
    <ClInclude Include="src\HandlePattern\Character.h">
      <Filter>Header Files\HandlePattern</Filter>
    </ClInclude>
    <ClInclude Include="src\HandlePattern\Win32Window.h">
      <Filter>Header Files\HandlePattern</Filter>
    </ClInclude>
    <ClInclude Include="src\HandlePattern\LinuxWindow.h">
      <Filter>Header Files\HandlePattern</Filter>
    </ClInclude>
    <ClInclude Include="src\FactoryPattern\PCharacter.h">
      <Filter>Header Files\Factory Pattern</Filter>
    </ClInclude>
    <ClInclude Include="src\FactoryPattern\PCharacterFactory.h">
      <Filter>Header Files\Factory Pattern</Filter>
    </ClInclude>
    <ClInclude Include="src\ProxyPattern\TexturePng.h">
      <Filter>Header Files\ProxyPattern</Filter>
    </ClInclude>
    <ClInclude Include="src\ProxyPattern\TextureLoader.h">
      <Filter>Header Files\ProxyPattern</Filter>
    </ClInclude>
    <ClInclude Include="src\ProxyPattern\ITexture.h">
      <Filter>Header Files\ProxyPattern</Filter>
    </ClInclude>
  </ItemGroup>
</Project>