<?xml version="1.0" encoding="utf-8"?>
<Project ToolsVersion="4.0" xmlns="http://schemas.microsoft.com/developer/msbuild/2003">
  <ItemGroup>
    <Filter Include="Source Files">
      <UniqueIdentifier>{4FC737F1-C7A5-4376-A066-2A32D752A2FF}</UniqueIdentifier>
      <Extensions>cpp;c;cc;cxx;def;odl;idl;hpj;bat;asm;asmx</Extensions>
    </Filter>
    <Filter Include="Header Files">
      <UniqueIdentifier>{93995380-89BD-4b04-88EB-625FBE52EBFB}</UniqueIdentifier>
      <Extensions>h;hh;hpp;hxx;hm;inl;inc;ipp;xsd</Extensions>
    </Filter>
    <Filter Include="Resource Files">
      <UniqueIdentifier>{67DA6AB6-F800-4c08-8B7A-83BB121AAD01}</UniqueIdentifier>
      <Extensions>rc;ico;cur;bmp;dlg;rc2;rct;bin;rgs;gif;jpg;jpeg;jpe;resx;tiff;tif;png;wav;mfcribbon-ms</Extensions>
    </Filter>
    <Filter Include="Source Files\app">
      <UniqueIdentifier>{569c4bce-ebf8-4ddc-8a4f-35b699bfc487}</UniqueIdentifier>
    </Filter>
    <Filter Include="Header Files\app">
      <UniqueIdentifier>{769fb6f2-99e7-409b-bef7-1da2b4b2b7a9}</UniqueIdentifier>
    </Filter>
    <Filter Include="Source Files\app\utilities">
      <UniqueIdentifier>{20c49351-6d04-4bdd-81fc-5638bb834c01}</UniqueIdentifier>
    </Filter>
    <Filter Include="Header Files\app\utilities">
      <UniqueIdentifier>{de0d7172-577c-4f5a-a409-0de5351366ac}</UniqueIdentifier>
    </Filter>
    <Filter Include="Source Files\app\system">
      <UniqueIdentifier>{0b40276c-1ec1-4fbb-93f4-b872fc3557d8}</UniqueIdentifier>
    </Filter>
    <Filter Include="Header Files\app\system">
      <UniqueIdentifier>{bb46263c-9da0-48c1-b3e7-eab2cbcec619}</UniqueIdentifier>
    </Filter>
    <Filter Include="Header Files\app\graphics">
      <UniqueIdentifier>{a5fb5cb6-34e5-4008-baea-dbebae061fa1}</UniqueIdentifier>
    </Filter>
    <Filter Include="Source Files\app\graphics">
      <UniqueIdentifier>{9595604f-54a5-4d9e-80d6-094781b1abe3}</UniqueIdentifier>
    </Filter>
    <Filter Include="Header Files\app\components">
      <UniqueIdentifier>{7059dd50-8b2e-43cc-8913-80ce4e83d706}</UniqueIdentifier>
    </Filter>
    <Filter Include="Source Files\app\components">
      <UniqueIdentifier>{ac9f2279-7abf-4332-8a87-873a616a9eda}</UniqueIdentifier>
    </Filter>
    <Filter Include="Header Files\app\factories">
      <UniqueIdentifier>{b07db2d3-cdaa-464d-b68f-a68196482ae8}</UniqueIdentifier>
    </Filter>
    <Filter Include="Source Files\app\factories">
      <UniqueIdentifier>{43f134dd-79d3-4057-975f-b95394d61d61}</UniqueIdentifier>
    </Filter>
    <Filter Include="Header Files\FSMPattern">
      <UniqueIdentifier>{77435431-09e9-4f27-b637-c3b137d3a6b5}</UniqueIdentifier>
    </Filter>
    <Filter Include="Source Files\FSMPattern">
      <UniqueIdentifier>{378267b0-06c3-4bb8-9eac-8c7572426349}</UniqueIdentifier>
    </Filter>
    <Filter Include="Source Files\CmdPattern">
      <UniqueIdentifier>{865077de-7881-4e7c-8bf2-dc4226209e46}</UniqueIdentifier>
    </Filter>
    <Filter Include="Header Files\CmdPattern">
      <UniqueIdentifier>{07c8e966-f227-41ca-af98-671aa20d7afd}</UniqueIdentifier>
    </Filter>
    <Filter Include="Header Files\CmdPattern\Player">
      <UniqueIdentifier>{8f579e00-164c-4155-9dea-7080e2e0e446}</UniqueIdentifier>
    </Filter>
    <Filter Include="Source Files\CmdPattern\Player">
      <UniqueIdentifier>{a3b7aed1-7918-4532-9f18-0ab64e22795b}</UniqueIdentifier>
    </Filter>
    <Filter Include="Source Files\app\factories\entities">
      <UniqueIdentifier>{39fc6750-b127-44fa-aa48-d875380079cc}</UniqueIdentifier>
    </Filter>
    <Filter Include="Source Files\app\factories\animationSource">
      <UniqueIdentifier>{e2c0e150-fcb9-429b-b273-adb20cf51b34}</UniqueIdentifier>
    </Filter>
    <Filter Include="Header Files\app\factories\entities">
      <UniqueIdentifier>{592b44bd-4769-4d1a-9968-1da7b6881b77}</UniqueIdentifier>
    </Filter>
    <Filter Include="Header Files\app\factories\animationSource">
      <UniqueIdentifier>{8db5dbcb-5920-4be3-bf5f-df5d1d15a5fa}</UniqueIdentifier>
    </Filter>
    <Filter Include="Header Files\app\factories\states">
      <UniqueIdentifier>{58980010-3256-4f83-91fb-37e5930d0ce8}</UniqueIdentifier>
    </Filter>
    <Filter Include="Source Files\app\factories\states">
      <UniqueIdentifier>{8062786a-130d-431a-8a4f-ccb5204632be}</UniqueIdentifier>
    </Filter>
    <Filter Include="Header Files\app\components\tags">
      <UniqueIdentifier>{8123495d-f055-44ab-9cee-e9b1a946e11e}</UniqueIdentifier>
    </Filter>
    <Filter Include="Source Files\app\components\tags">
      <UniqueIdentifier>{efc715dc-c0af-4e86-8a7b-d2c68e7322c2}</UniqueIdentifier>
    </Filter>
  </ItemGroup>
  <ItemGroup>
    <ClCompile Include="src\main.cpp">
      <Filter>Source Files</Filter>
    </ClCompile>
    <ClCompile Include="src\stdafx.cpp">
      <Filter>Source Files</Filter>
    </ClCompile>
    <ClCompile Include="src\app\Game.cpp">
      <Filter>Source Files\app</Filter>
    </ClCompile>
    <ClCompile Include="src\app\system\BaseSystem.cpp">
      <Filter>Source Files\app\system</Filter>
    </ClCompile>
    <ClCompile Include="src\app\system\RenderSystem.cpp">
      <Filter>Source Files\app\system</Filter>
    </ClCompile>
    <ClCompile Include="src\app\components\Location.cpp">
      <Filter>Source Files\app\components</Filter>
    </ClCompile>
    <ClCompile Include="src\app\graphics\Texture.cpp">
      <Filter>Source Files\app\graphics</Filter>
    </ClCompile>
    <ClCompile Include="src\app\components\Dimension.cpp">
      <Filter>Source Files\app\components</Filter>
    </ClCompile>
    <ClCompile Include="src\app\components\Render.cpp">
      <Filter>Source Files\app\components</Filter>
    </ClCompile>
    <ClCompile Include="src\app\utilities\MouseHandler.cpp">
      <Filter>Source Files\app\utilities</Filter>
    </ClCompile>
    <ClCompile Include="src\app\system\InputKeySystem.cpp">
      <Filter>Source Files\app\system</Filter>
    </ClCompile>
    <ClCompile Include="src\app\utilities\Keyhandler.cpp">
      <Filter>Source Files\app\utilities</Filter>
    </ClCompile>
    <ClCompile Include="src\app\utilities\SdlDeleter.cpp">
      <Filter>Source Files\app\utilities</Filter>
    </ClCompile>
    <ClCompile Include="src\app\system\InputMouseSystem.cpp">
      <Filter>Source Files\app\system</Filter>
    </ClCompile>
    <ClCompile Include="src\app\components\Animation.cpp">
      <Filter>Source Files\app\components</Filter>
    </ClCompile>
    <ClCompile Include="src\FSMPattern\State.cpp">
      <Filter>Source Files\FSMPattern</Filter>
    </ClCompile>
    <ClCompile Include="src\app\system\AnimationSystem.cpp">
      <Filter>Source Files\app\system</Filter>
    </ClCompile>
    <ClCompile Include="src\FSMPattern\StateMachine.cpp">
      <Filter>Source Files\FSMPattern</Filter>
    </ClCompile>
    <ClCompile Include="src\FSMPattern\AnimationStateMachine.cpp">
      <Filter>Source Files\FSMPattern</Filter>
    </ClCompile>
    <ClCompile Include="src\FSMPattern\PlayerIdleState.cpp">
      <Filter>Source Files\FSMPattern</Filter>
    </ClCompile>
    <ClCompile Include="src\app\components\Player.cpp">
      <Filter>Source Files\app\components</Filter>
    </ClCompile>
    <ClCompile Include="src\app\utilities\NonDeleter.cpp">
      <Filter>Source Files\app\utilities</Filter>
    </ClCompile>
    <ClCompile Include="src\FSMPattern\PlayerStateMachine.cpp">
      <Filter>Source Files\FSMPattern</Filter>
    </ClCompile>
    <ClCompile Include="src\app\components\FiniteStateMachine.cpp">
      <Filter>Source Files\app\components</Filter>
    </ClCompile>
    <ClCompile Include="src\app\system\FiniteStateMachineSystem.cpp">
      <Filter>Source Files\app\system</Filter>
    </ClCompile>
    <ClCompile Include="src\FSMPattern\PlayerRunningState.cpp">
      <Filter>Source Files\FSMPattern</Filter>
    </ClCompile>
    <ClCompile Include="src\FSMPattern\PlayerState.cpp">
      <Filter>Source Files\FSMPattern</Filter>
    </ClCompile>
    <ClCompile Include="src\CmdPattern\ShieldCommand.cpp">
      <Filter>Source Files\CmdPattern</Filter>
    </ClCompile>
    <ClCompile Include="src\CmdPattern\CrouchCommand.cpp">
      <Filter>Source Files\CmdPattern</Filter>
    </ClCompile>
    <ClCompile Include="src\CmdPattern\FireCommand.cpp">
      <Filter>Source Files\CmdPattern</Filter>
    </ClCompile>
    <ClCompile Include="src\CmdPattern\JumpCommand.cpp">
      <Filter>Source Files\CmdPattern</Filter>
    </ClCompile>
    <ClCompile Include="src\CmdPattern\MacroCommand.cpp">
      <Filter>Source Files\CmdPattern</Filter>
    </ClCompile>
    <ClCompile Include="src\CmdPattern\MeleeCommand.cpp">
      <Filter>Source Files\CmdPattern</Filter>
    </ClCompile>
    <ClCompile Include="src\CmdPattern\Command.cpp">
      <Filter>Source Files\CmdPattern</Filter>
    </ClCompile>
    <ClCompile Include="src\CmdPattern\Player\PlayerCommand.cpp">
      <Filter>Source Files\CmdPattern\Player</Filter>
    </ClCompile>
    <ClCompile Include="src\CmdPattern\Player\PlayerJumpCommand.cpp">
      <Filter>Source Files\CmdPattern\Player</Filter>
    </ClCompile>
    <ClCompile Include="src\FSMPattern\PlayerJumpState.cpp">
      <Filter>Source Files\FSMPattern</Filter>
    </ClCompile>
    <ClCompile Include="src\app\factories\BaseFactory.cpp">
      <Filter>Source Files\app\factories</Filter>
    </ClCompile>
    <ClCompile Include="src\app\factories\TextureFactory.cpp">
      <Filter>Source Files\app\factories</Filter>
    </ClCompile>
    <ClCompile Include="src\app\factories\entities\EntityFactory.cpp">
      <Filter>Source Files\app\factories\entities</Filter>
    </ClCompile>
    <ClCompile Include="src\app\factories\entities\PlayerFactory.cpp">
      <Filter>Source Files\app\factories\entities</Filter>
    </ClCompile>
    <ClCompile Include="src\app\factories\states\StateFactory.cpp">
      <Filter>Source Files\app\factories\states</Filter>
    </ClCompile>
    <ClCompile Include="src\app\factories\states\PlayerRunningStateFactory.cpp">
      <Filter>Source Files\app\factories\states</Filter>
    </ClCompile>
    <ClCompile Include="src\app\factories\states\PlayerJumpStateFactory.cpp">
      <Filter>Source Files\app\factories\states</Filter>
    </ClCompile>
    <ClCompile Include="src\app\factories\states\PlayerIdleStateFactory.cpp">
      <Filter>Source Files\app\factories\states</Filter>
    </ClCompile>
    <ClCompile Include="src\app\components\tags\PlayerIdleStateTag.cpp">
      <Filter>Source Files\app\components\tags</Filter>
    </ClCompile>
    <ClCompile Include="src\app\components\tags\PlayerJumpStateTag.cpp">
      <Filter>Source Files\app\components\tags</Filter>
    </ClCompile>
    <ClCompile Include="src\app\factories\animationSource\PlayerIdleSourceFactory.cpp">
      <Filter>Source Files\app\factories\animationSource</Filter>
    </ClCompile>
    <ClCompile Include="src\app\factories\animationSource\PlayerJumpSourceFactory.cpp">
      <Filter>Source Files\app\factories\animationSource</Filter>
    </ClCompile>
    <ClCompile Include="src\app\factories\animationSource\PlayerRunningSourceFactory.cpp">
      <Filter>Source Files\app\factories\animationSource</Filter>
    </ClCompile>
    <ClCompile Include="src\app\factories\animationSource\AnimationSourceFactory.cpp">
      <Filter>Source Files\app\factories\animationSource</Filter>
    </ClCompile>
    <ClCompile Include="src\app\Window.cpp">
      <Filter>Source Files\app</Filter>
    </ClCompile>
  </ItemGroup>
  <ItemGroup>
    <ClInclude Include="src\stdafx.h">
      <Filter>Header Files</Filter>
    </ClInclude>
    <ClInclude Include="src\app\Game.h">
      <Filter>Header Files\app</Filter>
    </ClInclude>
    <ClInclude Include="src\app\system\BaseSystem.h">
      <Filter>Header Files\app\system</Filter>
    </ClInclude>
    <ClInclude Include="src\app\system\RenderSystem.h">
      <Filter>Header Files\app\system</Filter>
    </ClInclude>
    <ClInclude Include="src\app\components\Location.h">
      <Filter>Header Files\app\components</Filter>
    </ClInclude>
    <ClInclude Include="src\app\graphics\Texture.h">
      <Filter>Header Files\app\graphics</Filter>
    </ClInclude>
    <ClInclude Include="src\app\components\Dimension.h">
      <Filter>Header Files\app\components</Filter>
    </ClInclude>
    <ClInclude Include="src\app\components\Render.h">
      <Filter>Header Files\app\components</Filter>
    </ClInclude>
    <ClInclude Include="src\app\utilities\MouseHandler.h">
      <Filter>Header Files\app\utilities</Filter>
    </ClInclude>
    <ClInclude Include="src\app\system\InputKeySystem.h">
      <Filter>Header Files\app\system</Filter>
    </ClInclude>
    <ClInclude Include="src\app\utilities\SdlDeleter.h">
      <Filter>Header Files\app\utilities</Filter>
    </ClInclude>
    <ClInclude Include="src\app\utilities\Keyhandler.h">
      <Filter>Header Files\app\utilities</Filter>
    </ClInclude>
    <ClInclude Include="src\app\system\InputMouseSystem.h">
      <Filter>Header Files\app\system</Filter>
    </ClInclude>
    <ClInclude Include="src\app\components\Animation.h">
      <Filter>Header Files\app\components</Filter>
    </ClInclude>
    <ClInclude Include="src\FSMPattern\State.h">
      <Filter>Header Files\FSMPattern</Filter>
    </ClInclude>
    <ClInclude Include="src\app\system\AnimationSystem.h">
      <Filter>Header Files\app\system</Filter>
    </ClInclude>
    <ClInclude Include="src\FSMPattern\StateMachine.h">
      <Filter>Header Files\FSMPattern</Filter>
    </ClInclude>
    <ClInclude Include="src\FSMPattern\AnimationStateMachine.h">
      <Filter>Header Files\FSMPattern</Filter>
    </ClInclude>
    <ClInclude Include="src\FSMPattern\PlayerIdleState.h">
      <Filter>Header Files\FSMPattern</Filter>
    </ClInclude>
    <ClInclude Include="src\app\components\Player.h">
      <Filter>Header Files\app\components</Filter>
    </ClInclude>
    <ClInclude Include="src\FSMPattern\PlayerStateMachine.h">
      <Filter>Header Files\FSMPattern</Filter>
    </ClInclude>
    <ClInclude Include="src\app\utilities\NonDeleter.h">
      <Filter>Header Files\app\utilities</Filter>
    </ClInclude>
    <ClInclude Include="src\app\components\FiniteStateMachine.h">
      <Filter>Header Files\app\components</Filter>
    </ClInclude>
    <ClInclude Include="src\app\system\FiniteStateMachineSystem.h">
      <Filter>Header Files\app\system</Filter>
    </ClInclude>
    <ClInclude Include="src\FSMPattern\PlayerRunningState.h">
      <Filter>Header Files\FSMPattern</Filter>
    </ClInclude>
    <ClInclude Include="src\FSMPattern\PlayerState.h">
      <Filter>Header Files\FSMPattern</Filter>
    </ClInclude>
    <ClInclude Include="src\CmdPattern\Command.h">
      <Filter>Header Files\CmdPattern</Filter>
    </ClInclude>
    <ClInclude Include="src\CmdPattern\CrouchCommand.h">
      <Filter>Header Files\CmdPattern</Filter>
    </ClInclude>
    <ClInclude Include="src\CmdPattern\FireCommand.h">
      <Filter>Header Files\CmdPattern</Filter>
    </ClInclude>
    <ClInclude Include="src\CmdPattern\JumpCommand.h">
      <Filter>Header Files\CmdPattern</Filter>
    </ClInclude>
    <ClInclude Include="src\CmdPattern\MacroCommand.h">
      <Filter>Header Files\CmdPattern</Filter>
    </ClInclude>
    <ClInclude Include="src\CmdPattern\MeleeCommand.h">
      <Filter>Header Files\CmdPattern</Filter>
    </ClInclude>
    <ClInclude Include="src\CmdPattern\ShieldCommand.h">
      <Filter>Header Files\CmdPattern</Filter>
    </ClInclude>
    <ClInclude Include="src\CmdPattern\Player\PlayerCommand.h">
      <Filter>Header Files\CmdPattern\Player</Filter>
    </ClInclude>
    <ClInclude Include="src\CmdPattern\Player\PlayerJumpCommand.h">
      <Filter>Header Files\CmdPattern\Player</Filter>
    </ClInclude>
    <ClInclude Include="src\FSMPattern\PlayerJumpState.h">
      <Filter>Header Files\FSMPattern</Filter>
    </ClInclude>
    <ClInclude Include="src\app\factories\TextureFactory.h">
      <Filter>Header Files\app\factories</Filter>
    </ClInclude>
    <ClInclude Include="src\app\factories\BaseFactory.h">
      <Filter>Header Files\app\factories</Filter>
    </ClInclude>
    <ClInclude Include="src\app\factories\entities\EntityFactory.h">
      <Filter>Header Files\app\factories\entities</Filter>
    </ClInclude>
    <ClInclude Include="src\app\factories\entities\PlayerFactory.h">
      <Filter>Header Files\app\factories\entities</Filter>
    </ClInclude>
    <ClInclude Include="src\app\factories\states\StateFactory.h">
      <Filter>Header Files\app\factories\states</Filter>
    </ClInclude>
    <ClInclude Include="src\app\factories\states\PlayerIdleStateFactory.h">
      <Filter>Header Files\app\factories\states</Filter>
    </ClInclude>
    <ClInclude Include="src\app\factories\states\PlayerJumpStateFactory.h">
      <Filter>Header Files\app\factories\states</Filter>
    </ClInclude>
    <ClInclude Include="src\app\factories\states\PlayerRunningStateFactory.h">
      <Filter>Header Files\app\factories\states</Filter>
    </ClInclude>
    <ClInclude Include="src\app\components\tags\PlayerIdleStateTag.h">
      <Filter>Header Files\app\components\tags</Filter>
    </ClInclude>
    <ClInclude Include="src\app\components\tags\PlayerJumpStateTag.h">
      <Filter>Header Files\app\components\tags</Filter>
    </ClInclude>
    <ClInclude Include="src\app\factories\animationSource\AnimationSourceFactory.h">
      <Filter>Header Files\app\factories\animationSource</Filter>
    </ClInclude>
    <ClInclude Include="src\app\factories\animationSource\PlayerRunningSourceFactory.h">
      <Filter>Header Files\app\factories\animationSource</Filter>
    </ClInclude>
    <ClInclude Include="src\app\factories\animationSource\PlayerJumpSourceFactory.h">
      <Filter>Header Files\app\factories\animationSource</Filter>
    </ClInclude>
    <ClInclude Include="src\app\factories\animationSource\PlayerIdleSourceFactory.h">
      <Filter>Header Files\app\factories\animationSource</Filter>
    </ClInclude>
    <ClInclude Include="src\app\Window.h">
      <Filter>Header Files\app</Filter>
    </ClInclude>
  </ItemGroup>
</Project>